{
  "name": "movabletype",
  "version": "1.0.0",
  "lockfileVersion": 1,
  "requires": true,
  "dependencies": {
    "tinymce": {
      "version": "5.2.2",
      "resolved": "https://registry.npmjs.org/tinymce/-/tinymce-5.2.2.tgz",
      "integrity": "sha512-G1KZOxHIrokeP/rhJuvwctmeAuHDAeH8AI1ubnVcdMZtmC6mUh3SfESqFJrFWoiF143OUMC61GkVhi920pIP0A=="
    },
    "tinymce-i18n": {
      "version": "20.4.4",
      "resolved": "https://registry.npmjs.org/tinymce-i18n/-/tinymce-i18n-20.4.4.tgz",
      "integrity": "sha512-82H2OvXMOmsndGiWbzTGegPamjQ7J+VCQHEJWm0YApKzUkMIFJuMAtzbAwDIaU+YzS+sjgT6cLl4ykdoGs9d1g=="
    }
  }
}
