# THIS IS AN AUTOGENERATED FILE. DO NOT EDIT THIS FILE DIRECTLY.
# yarn lockfile v1


codemirror@5.54:
  version "5.54.0"
  resolved "https://registry.yarnpkg.com/codemirror/-/codemirror-5.54.0.tgz#82b6adf662b29eeb7b867fe7839d49e25e4a0b38"
  integrity sha512-Pgf3surv4zvw+KaW3doUU7pGjF0BPU8/sj7eglWJjzni46U/DDW8pu3nZY0QgQKUcICDXRkq8jZmq0y6KhxM3Q==

svg4everybody@^2.1.9:
  version "2.1.9"
  resolved "https://registry.yarnpkg.com/svg4everybody/-/svg4everybody-2.1.9.tgz#5bd9f6defc133859a044646d4743fabc28db7e2d"
  integrity sha1-W9n23vwTOFmgRGRtR0P6vCjbfi0=

tinymce-i18n@20.12.25:
  version "20.12.25"
  resolved "https://registry.yarnpkg.com/tinymce-i18n/-/tinymce-i18n-20.12.25.tgz#479d2c69613ec2324aeadb4478c9da2d8d4e0bb8"
  integrity sha512-MOVCgGbkZ2ZVvb9B38Mbdhwam1oZOBXDkxmzcHX3W7c3RCB8r4VG9DS8+4BcsoCCgfUg1JXwh2Hk+7aXcYXkkg==

tinymce@5.8.0:
  version "5.8.0"
  resolved "https://registry.yarnpkg.com/tinymce/-/tinymce-5.8.0.tgz#3ffd1d96da2619153bd0bd2023a382052339bb0a"
  integrity sha512-1bOI3k+1D76rVjAJC3XkHezXJVghurnKBDREF1STHBLTQUY17XTbaDNJUxNgJqJHa2xg1udd5I1bzdfSd77DGw==
