# THIS IS AN AUTOGENERATED FILE. DO NOT EDIT THIS FILE DIRECTLY.
# yarn lockfile v1


codemirror@^5.61.1:
  version "5.61.1"
  resolved "https://registry.yarnpkg.com/codemirror/-/codemirror-5.61.1.tgz#ccfc8a43b8fcfb8b12e8e75b5ffde48d541406e0"
  integrity sha512-+D1NZjAucuzE93vJGbAaXzvoBHwp9nJZWWWF9utjv25+5AZUiah6CIlfb4ikG4MoDsFsCG8niiJH5++OO2LgIQ==

jquery-json@^2.6.0:
  version "2.6.0"
  resolved "https://registry.yarnpkg.com/jquery-json/-/jquery-json-2.6.0.tgz#14e60ba6586f9e59505a30b69399c20bd7d5d98c"
  integrity sha1-FOYLplhvnllQWjC2k5nCC9fV2Yw=

jquery-migrate@^3.3.2:
  version "3.3.2"
  resolved "https://registry.yarnpkg.com/jquery-migrate/-/jquery-migrate-3.3.2.tgz#7829ee24de3054d0d2f42dd093390d8a7b7af01a"
  integrity sha512-L3gYhr7yEtLUSAeqXSicVa0vRD4aGwjw/bWY8YzrO2o/qDY1BaMyP3oB3bZf5Auy3Hu9ynliio0CTyDWCBPVDw==

jquery-validation@^1.19.3:
  version "1.19.3"
  resolved "https://registry.yarnpkg.com/jquery-validation/-/jquery-validation-1.19.3.tgz#50b350eba8b02bcfd119ba15f199487b7eb64086"
  integrity sha512-iXxCS5W7STthSTMFX/NDZfWHBLbJ1behVK3eAgHXAV8/0vRa9M4tiqHvJMr39VGWHMGdlkhrtrkBuaL2UlE8yw==

jquery@^3.6.0:
  version "3.6.0"
  resolved "https://registry.yarnpkg.com/jquery/-/jquery-3.6.0.tgz#c72a09f15c1bdce142f49dbf1170bdf8adac2470"
  integrity sha512-JVzAR/AjBvVt2BmYhxRCSYysDsPcssdmTFnzyLEts9qNwmjmu4JTAMYubEfwVOSwpQ1I1sKKFcxhZCI2buerfw==

svg4everybody@^2.1.9:
  version "2.1.9"
  resolved "https://registry.yarnpkg.com/svg4everybody/-/svg4everybody-2.1.9.tgz#5bd9f6defc133859a044646d4743fabc28db7e2d"
  integrity sha1-W9n23vwTOFmgRGRtR0P6vCjbfi0=

tinymce-i18n@20.12.25:
  version "20.12.25"
  resolved "https://registry.yarnpkg.com/tinymce-i18n/-/tinymce-i18n-20.12.25.tgz#479d2c69613ec2324aeadb4478c9da2d8d4e0bb8"
  integrity sha512-MOVCgGbkZ2ZVvb9B38Mbdhwam1oZOBXDkxmzcHX3W7c3RCB8r4VG9DS8+4BcsoCCgfUg1JXwh2Hk+7aXcYXkkg==

tinymce@5.10.2:
  version "5.10.2"
  resolved "https://registry.yarnpkg.com/tinymce/-/tinymce-5.10.2.tgz#cf1ff01025909be26c64348509e6de8e70d58e1d"
  integrity sha512-5QhnZ6c8F28fYucLLc00MM37fZoAZ4g7QCYzwIl38i5TwJR5xGqzOv6YMideyLM4tytCzLCRwJoQen2LI66p5A==
